# This file was autogenerated by Stack.
# You should not edit this file by hand.
# For more information, please see the documentation at:
#   https://docs.haskellstack.org/en/stable/topics/lock_files

packages:
- completed:
    hackage: regex-pcre-0.95.0.0@sha256:2d4a22e9caaacea2961fec3027090cd78ac07fc278282d9a7a8b55e38d4197e6,2417
    pantry-tree:
      sha256: 80cb5bda0884c16fa65cdbbf2b8b736a25de1bc8f680b121c163da7e9dea30a2
      size: 634
  original:
    hackage: regex-pcre-0.95.0.0
snapshots:
- completed:
    sha256: 296a7960c37efa382432ab497161a092684191815eb92a608c5d6ea5f894ace3
    size: 683835
    url: https://raw.githubusercontent.com/commercialhaskell/stackage-snapshots/master/lts/23/19.yaml
  original:
    url: https://raw.githubusercontent.com/commercialhaskell/stackage-snapshots/master/lts/23/19.yaml
